
Microsoft Visual Studio Solution File, Format Version 12.00
# Visual Studio Version 17
VisualStudioVersion = 17.5.002.0
MinimumVisualStudioVersion = 10.0.40219.1
Project("{2150E333-8FDC-42A3-9474-1A3956D46DE8}") = "__tests__", "__tests__", "{1A845D4B-82C3-4248-876F-2C06B9036DE8}"
EndProject
Project("{2150E333-8FDC-42A3-9474-1A3956D46DE8}") = "Utilities", "Utilities", "{B00BEDC3-7A31-4D02-AC4A-E80B8BE81A79}"
EndProject
Project("{9A19103F-16F7-4668-BE54-9A1E7A4F7556}") = "vstest-functional-test", "__tests__\Utilities\functional-tests\vstest-functional-test.csproj", "{E36CBDC4-E904-443C-A928-FCA4960F6E47}"
EndProject
Global
	GlobalSection(SolutionConfigurationPlatforms) = preSolution
		Debug|Any CPU = Debug|Any CPU
		Release|Any CPU = Release|Any CPU
	EndGlobalSection
	GlobalSection(ProjectConfigurationPlatforms) = postSolution
		{E36CBDC4-E904-443C-A928-FCA4960F6E47}.Debug|Any CPU.ActiveCfg = Debug|Any CPU
		{E36CBDC4-E904-443C-A928-FCA4960F6E47}.Debug|Any CPU.Build.0 = Debug|Any CPU
		{E36CBDC4-E904-443C-A928-FCA4960F6E47}.Release|Any CPU.ActiveCfg = Release|Any CPU
		{E36CBDC4-E904-443C-A928-FCA4960F6E47}.Release|Any CPU.Build.0 = Release|Any CPU
	EndGlobalSection
	GlobalSection(SolutionProperties) = preSolution
		HideSolutionNode = FALSE
	EndGlobalSection
	GlobalSection(NestedProjects) = preSolution
		{B00BEDC3-7A31-4D02-AC4A-E80B8BE81A79} = {1A845D4B-82C3-4248-876F-2C06B9036DE8}
		{E36CBDC4-E904-443C-A928-FCA4960F6E47} = {B00BEDC3-7A31-4D02-AC4A-E80B8BE81A79}
	EndGlobalSection
	GlobalSection(ExtensibilityGlobals) = postSolution
		SolutionGuid = {8835D279-4776-482F-83EE-4D83A64C81AF}
	EndGlobalSection
EndGlobal
